
Microsoft Visual Studio Solution File, Format Version 12.00
# Visual Studio Version 16
VisualStudioVersion = 16.0.30804.86
MinimumVisualStudioVersion = 10.0.40219.1
Project("{9A19103F-16F7-4668-BE54-9A1E7A4F7556}") = "Trabalho_igor_gladson", "Trabalho_igor_gladson.csproj", "{38840B41-1187-489E-8762-34FDB6509521}"
EndProject
Global
	GlobalSection(SolutionConfigurationPlatforms) = preSolution
		Debug|Any CPU = Debug|Any CPU
		Release|Any CPU = Release|Any CPU
	EndGlobalSection
	GlobalSection(ProjectConfigurationPlatforms) = postSolution
		{38840B41-1187-489E-8762-34FDB6509521}.Debug|Any CPU.ActiveCfg = Debug|Any CPU
		{38840B41-1187-489E-8762-34FDB6509521}.Debug|Any CPU.Build.0 = Debug|Any CPU
		{38840B41-1187-489E-8762-34FDB6509521}.Release|Any CPU.ActiveCfg = Release|Any CPU
		{38840B41-1187-489E-8762-34FDB6509521}.Release|Any CPU.Build.0 = Release|Any CPU
	EndGlobalSection
	GlobalSection(SolutionProperties) = preSolution
		HideSolutionNode = FALSE
	EndGlobalSection
	GlobalSection(ExtensibilityGlobals) = postSolution
		SolutionGuid = {C5DAD616-E89C-41C1-A9E5-4EE3D746C947}
	EndGlobalSection
EndGlobal
